{
  "originHash" : "ee3ea8ae691ea43f4729a4a8eae2e66a1952e6770afdc86c28090d8dcc9869c7",
  "pins" : [
    {
      "identity" : "alamofire",
      "kind" : "remoteSourceControl",
      "location" : "https://github.com/Alamofire/Alamofire.git",
      "state" : {
        "revision" : "f455c2975872ccd2d9c81594c658af65716e9b9a",
        "version" : "5.9.1"
      }
    },
    {
      "identity" : "realm-core",
      "kind" : "remoteSourceControl",
      "location" : "https://github.com/realm/realm-core.git",
      "state" : {
        "revision" : "f889f79a2301208fd9d322d07abfc883b8f2046c",
        "version" : "14.10.2"
      }
    },
    {
      "identity" : "realm-swift",
      "kind" : "remoteSourceControl",
      "location" : "https://github.com/realm/realm-swift.git",
      "state" : {
        "revision" : "ae827eabf45ba64562c75b6e99038da6ce12d427",
        "version" : "10.52.1"
      }
    }
  ],
  "version" : 3
}
